Microsoft Visual Studio Solution File, Format Version 12.00
# Visual Studio Version 17
VisualStudioVersion = 17.5.2.0
MinimumVisualStudioVersion = 10.0.40219.1
Project("{FAE04EC0-301F-11D3-BF4B-00C04F79EFBC}") = "BankAudit.API", "BankAudit.API\BankAudit.API.csproj", "{73B6465F-2746-528E-7476-443DD404F422}"
EndProject
Global
	GlobalSection(SolutionConfigurationPlatforms) = preSolution
		Debug|Any CPU = Debug|Any CPU
		Release|Any CPU = Release|Any CPU
	EndGlobalSection
	GlobalSection(ProjectConfigurationPlatforms) = postSolution
		{73B6465F-2746-528E-7476-443DD404F422}.Debug|Any CPU.ActiveCfg = Debug|Any CPU
		{73B6465F-2746-528E-7476-443DD404F422}.Debug|Any CPU.Build.0 = Debug|Any CPU
		{73B6465F-2746-528E-7476-443DD404F422}.Release|Any CPU.ActiveCfg = Release|Any CPU
		{73B6465F-2746-528E-7476-443DD404F422}.Release|Any CPU.Build.0 = Release|Any CPU
	EndGlobalSection
	GlobalSection(SolutionProperties) = preSolution
		HideSolutionNode = FALSE
	EndGlobalSection
	GlobalSection(ExtensibilityGlobals) = postSolution
		SolutionGuid = {DFC9F618-8D0C-4912-B509-3A20B8962A0E}
	EndGlobalSection
EndGlobal
